
Microsoft Visual Studio Solution File, Format Version 12.00
# Visual Studio Version 17
VisualStudioVersion = 17.10.34707.107
MinimumVisualStudioVersion = 10.0.40219.1
Project("{FAE04EC0-301F-11D3-BF4B-00C04F79EFBC}") = "SneakerStore", "SneakerStore.csproj", "{9E84BD17-D2C7-4D4A-A0BF-23EB37C5DE97}"
EndProject
Global
	GlobalSection(SolutionConfigurationPlatforms) = preSolution
		Debug|Any CPU = Debug|Any CPU
		Release|Any CPU = Release|Any CPU
	EndGlobalSection
	GlobalSection(ProjectConfigurationPlatforms) = postSolution
		{9E84BD17-D2C7-4D4A-A0BF-23EB37C5DE97}.Debug|Any CPU.ActiveCfg = Debug|Any CPU
		{9E84BD17-D2C7-4D4A-A0BF-23EB37C5DE97}.Debug|Any CPU.Build.0 = Debug|Any CPU
		{9E84BD17-D2C7-4D4A-A0BF-23EB37C5DE97}.Release|Any CPU.ActiveCfg = Release|Any CPU
		{9E84BD17-D2C7-4D4A-A0BF-23EB37C5DE97}.Release|Any CPU.Build.0 = Release|Any CPU
	EndGlobalSection
	GlobalSection(SolutionProperties) = preSolution
		HideSolutionNode = FALSE
	EndGlobalSection
	GlobalSection(ExtensibilityGlobals) = postSolution
		SolutionGuid = {09F7B0B3-A61C-44F3-82C0-5D45D8C21D8A}
	EndGlobalSection
EndGlobal
